format=1
kyber_release=0.27.0
kyber_commit=6c75cc276e40ed9cca4e9dcabe3f7e4e1d83c44f
kysdk_commit=5836202aa4654cf64b5ca9fd204005fe4916be99
kynput_commit=5595478f3606c5624197360e2dcbf31bd60e8163
raw_kyclient_bundle_path=Contents/MacOS/kyclient
raw_kyclient_sha256=04db4efdf84bd2baf0718ac7628851280201aeea2258fec87e3893c5266033e9
raw_kyclient_minimum_macos=15.0
