format=1
kyber_release=0.27.0
kyber_commit=6c75cc276e40ed9cca4e9dcabe3f7e4e1d83c44f
kysdk_commit=5836202aa4654cf64b5ca9fd204005fe4916be99
kynput_commit=5595478f3606c5624197360e2dcbf31bd60e8163
kyctl_commit=e46dda2825d6e8c432521cfcb4c5726b5bba8bc4
raw_kyclient_bundle_path=Contents/MacOS/kyclient
raw_kyclient_sha256=4c09bb6fffb732cde74642fb72cfa46cbdf1291f4f75456cef621fe98295e5f4
raw_kyclient_payload_sha256=b8bb23983c8da3d679319938a9a19c493300df7a8178eefd0d686d032b677310
raw_kyclient_code_signature_offset=7235568
raw_kyclient_minimum_macos=15.0
